{
    "version": 3,
    "terraform_version": "0.11.8",
    "serial": 9,
    "lineage": "dff08934-2adb-41ab-2716-5949d28a6b77",
    "modules": [
        {
            "path": [
                "root"
            ],
            "outputs": {},
            "resources": {
                "aws_key_pair.default": {
                    "type": "aws_key_pair",
                    "depends_on": [],
                    "primary": {
                        "id": "luizcoura",
                        "attributes": {
                            "fingerprint": "9f:1b:dd:74:9c:56:93:0d:f2:7b:e7:08:a4:15:de:0f",
                            "id": "luizcoura",
                            "key_name": "luizcoura",
                            "public_key": "ssh-rsa AAAAB3NzaC1yc2EAAAADAQABAAABAQDjn/slxG09B6SEfxXkWd2th4JW9rgL/3cMJ2sjOulMfxWiIa/OPxLwgA1ZZK+ivKFzlJ6rwOZR5Brz+n6IKaKPgxfbct9kYULNZJ8msthOXdSB0AGWkqpRfMQCLYumBQsMW27NH+6a6EtPeu0k3LARGSW/1ASZ/cJnWP+quFs68Sn8amYiS+eR7vWUiRiU6VhXtWFX5HrlQFMvoS6WSX2/gKWk/+Vzu1Wbv9WRP/2mk4i3w6ROzxYA7qElYMMOXJme16m0RWZI1oAXex2q+G9b5W4O48cUdJEDRH1GOTqEDsk/uNInKGH2PqE8P5lKN+fQYPc71fMWJEfSoFFPmOiT luhenri@piaba.cptec.inpe.br"
                        },
                        "meta": {
                            "schema_version": "1"
                        },
                        "tainted": false
                    },
                    "deposed": [],
                    "provider": "provider.aws"
                },
                "data.aws_ami.amazon": {
                    "type": "aws_ami",
                    "depends_on": [],
                    "primary": {
                        "id": "ami-0ff8a91507f77f867",
                        "attributes": {
                            "architecture": "x86_64",
                            "block_device_mappings.#": "1",
                            "block_device_mappings.340275815.device_name": "/dev/xvda",
                            "block_device_mappings.340275815.ebs.%": "6",
                            "block_device_mappings.340275815.ebs.delete_on_termination": "true",
                            "block_device_mappings.340275815.ebs.encrypted": "false",
                            "block_device_mappings.340275815.ebs.iops": "0",
                            "block_device_mappings.340275815.ebs.snapshot_id": "snap-09ccbc8bc8ae7e4e9",
                            "block_device_mappings.340275815.ebs.volume_size": "8",
                            "block_device_mappings.340275815.ebs.volume_type": "gp2",
                            "block_device_mappings.340275815.no_device": "",
                            "block_device_mappings.340275815.virtual_name": "",
                            "creation_date": "2018-08-11T02:30:11.000Z",
                            "description": "Amazon Linux AMI 2018.03.0.20180811 x86_64 HVM GP2",
                            "filter.#": "1",
                            "filter.3169420402.name": "name",
                            "filter.3169420402.values.#": "1",
                            "filter.3169420402.values.0": "amzn-ami-hvm-*-x86_64-gp2",
                            "hypervisor": "xen",
                            "id": "ami-0ff8a91507f77f867",
                            "image_id": "ami-0ff8a91507f77f867",
                            "image_location": "amazon/amzn-ami-hvm-2018.03.0.20180811-x86_64-gp2",
                            "image_owner_alias": "amazon",
                            "image_type": "machine",
                            "most_recent": "true",
                            "name": "amzn-ami-hvm-2018.03.0.20180811-x86_64-gp2",
                            "owner_id": "137112412989",
                            "owners.#": "1",
                            "owners.0": "amazon",
                            "product_codes.#": "0",
                            "public": "true",
                            "root_device_name": "/dev/xvda",
                            "root_device_type": "ebs",
                            "root_snapshot_id": "snap-09ccbc8bc8ae7e4e9",
                            "sriov_net_support": "simple",
                            "state": "available",
                            "state_reason.%": "2",
                            "state_reason.code": "UNSET",
                            "state_reason.message": "UNSET",
                            "tags.%": "0",
                            "virtualization_type": "hvm"
                        },
                        "meta": {},
                        "tainted": false
                    },
                    "deposed": [],
                    "provider": "provider.aws"
                },
                "data.aws_ami.ubuntu": {
                    "type": "aws_ami",
                    "depends_on": [],
                    "primary": {
                        "id": "ami-04169656fea786776",
                        "attributes": {
                            "architecture": "x86_64",
                            "block_device_mappings.#": "3",
                            "block_device_mappings.1634610537.device_name": "/dev/sdb",
                            "block_device_mappings.1634610537.ebs.%": "0",
                            "block_device_mappings.1634610537.no_device": "",
                            "block_device_mappings.1634610537.virtual_name": "ephemeral0",
                            "block_device_mappings.2547816212.device_name": "/dev/sda1",
                            "block_device_mappings.2547816212.ebs.%": "6",
                            "block_device_mappings.2547816212.ebs.delete_on_termination": "true",
                            "block_device_mappings.2547816212.ebs.encrypted": "false",
                            "block_device_mappings.2547816212.ebs.iops": "0",
                            "block_device_mappings.2547816212.ebs.snapshot_id": "snap-044fd4b3187843283",
                            "block_device_mappings.2547816212.ebs.volume_size": "8",
                            "block_device_mappings.2547816212.ebs.volume_type": "gp2",
                            "block_device_mappings.2547816212.no_device": "",
                            "block_device_mappings.2547816212.virtual_name": "",
                            "block_device_mappings.3850042718.device_name": "/dev/sdc",
                            "block_device_mappings.3850042718.ebs.%": "0",
                            "block_device_mappings.3850042718.no_device": "",
                            "block_device_mappings.3850042718.virtual_name": "ephemeral1",
                            "creation_date": "2018-08-15T12:38:33.000Z",
                            "description": "Canonical, Ubuntu, 16.04 LTS, amd64 xenial image build on 2018-08-14",
                            "filter.#": "1",
                            "filter.1585153008.name": "name",
                            "filter.1585153008.values.#": "1",
                            "filter.1585153008.values.0": "ubuntu/images/hvm-ssd/ubuntu-xenial-16.04-amd64-server-*",
                            "hypervisor": "xen",
                            "id": "ami-04169656fea786776",
                            "image_id": "ami-04169656fea786776",
                            "image_location": "099720109477/ubuntu/images/hvm-ssd/ubuntu-xenial-16.04-amd64-server-20180814",
                            "image_type": "machine",
                            "most_recent": "true",
                            "name": "ubuntu/images/hvm-ssd/ubuntu-xenial-16.04-amd64-server-20180814",
                            "owner_id": "099720109477",
                            "owners.#": "1",
                            "owners.0": "099720109477",
                            "product_codes.#": "0",
                            "public": "true",
                            "root_device_name": "/dev/sda1",
                            "root_device_type": "ebs",
                            "root_snapshot_id": "snap-044fd4b3187843283",
                            "sriov_net_support": "simple",
                            "state": "available",
                            "state_reason.%": "2",
                            "state_reason.code": "UNSET",
                            "state_reason.message": "UNSET",
                            "tags.%": "0",
                            "virtualization_type": "hvm"
                        },
                        "meta": {},
                        "tainted": false
                    },
                    "deposed": [],
                    "provider": "provider.aws"
                }
            },
            "depends_on": []
        },
        {
            "path": [
                "root",
                "ec2"
            ],
            "outputs": {
                "availability_zone": {
                    "sensitive": false,
                    "type": "list",
                    "value": [
                        "us-east-1a"
                    ]
                },
                "credit_specification": {
                    "sensitive": false,
                    "type": "list",
                    "value": [
                        [
                            {
                                "cpu_credits": "standard"
                            }
                        ]
                    ]
                },
                "id": {
                    "sensitive": false,
                    "type": "list",
                    "value": [
                        "i-0f5fbd5a3390394bd"
                    ]
                },
                "key_name": {
                    "sensitive": false,
                    "type": "list",
                    "value": [
                        "luizcoura"
                    ]
                },
                "network_interface_id": {
                    "sensitive": false,
                    "type": "list",
                    "value": [
                        "eni-0b83952afee7fbe0f"
                    ]
                },
                "primary_network_interface_id": {
                    "sensitive": false,
                    "type": "list",
                    "value": [
                        "eni-0b83952afee7fbe0f"
                    ]
                },
                "private_dns": {
                    "sensitive": false,
                    "type": "list",
                    "value": [
                        "ip-10-0-1-126.ec2.internal"
                    ]
                },
                "private_ip": {
                    "sensitive": false,
                    "type": "list",
                    "value": [
                        "10.0.1.126"
                    ]
                },
                "public_dns": {
                    "sensitive": false,
                    "type": "list",
                    "value": []
                },
                "public_ip": {
                    "sensitive": false,
                    "type": "list",
                    "value": [
                        "35.172.227.207"
                    ]
                },
                "security_groups": {
                    "sensitive": false,
                    "type": "list",
                    "value": []
                },
                "subnet_id": {
                    "sensitive": false,
                    "type": "list",
                    "value": [
                        "subnet-0726110be41ce2cfd"
                    ]
                },
                "tags": {
                    "sensitive": false,
                    "type": "list",
                    "value": [
                        {
                            "Name": "wiboo-dev"
                        }
                    ]
                },
                "vpc_security_group_ids": {
                    "sensitive": false,
                    "type": "list",
                    "value": [
                        "sg-0c259b8123ae9b9d0"
                    ]
                }
            },
            "resources": {
                "aws_instance.this_t2": {
                    "type": "aws_instance",
                    "depends_on": [
                        "local.is_t2_instance_type"
                    ],
                    "primary": {
                        "id": "i-0f5fbd5a3390394bd",
                        "attributes": {
                            "ami": "ami-04169656fea786776",
                            "arn": "arn:aws:ec2:us-east-1:388583522121:instance/i-0f5fbd5a3390394bd",
                            "associate_public_ip_address": "true",
                            "availability_zone": "us-east-1a",
                            "cpu_core_count": "1",
                            "cpu_threads_per_core": "1",
                            "credit_specification.#": "1",
                            "credit_specification.0.cpu_credits": "standard",
                            "disable_api_termination": "false",
                            "ebs_block_device.#": "0",
                            "ebs_optimized": "false",
                            "ephemeral_block_device.#": "0",
                            "get_password_data": "false",
                            "iam_instance_profile": "",
                            "id": "i-0f5fbd5a3390394bd",
                            "instance_state": "running",
                            "instance_type": "t2.nano",
                            "ipv6_address_count": "0",
                            "ipv6_addresses.#": "0",
                            "key_name": "luizcoura",
                            "monitoring": "false",
                            "network_interface.#": "0",
                            "network_interface_id": "eni-0b83952afee7fbe0f",
                            "password_data": "",
                            "placement_group": "",
                            "primary_network_interface_id": "eni-0b83952afee7fbe0f",
                            "private_dns": "ip-10-0-1-126.ec2.internal",
                            "private_ip": "10.0.1.126",
                            "public_dns": "",
                            "public_ip": "35.172.227.207",
                            "root_block_device.#": "1",
                            "root_block_device.0.delete_on_termination": "true",
                            "root_block_device.0.iops": "100",
                            "root_block_device.0.volume_id": "vol-0d3f74b1fd79260b8",
                            "root_block_device.0.volume_size": "8",
                            "root_block_device.0.volume_type": "gp2",
                            "security_groups.#": "0",
                            "source_dest_check": "true",
                            "subnet_id": "subnet-0726110be41ce2cfd",
                            "tags.%": "1",
                            "tags.Name": "wiboo-dev",
                            "tenancy": "default",
                            "user_data": "d0966b91b78f4a94fd3db20f0518db6b9b83a118",
                            "volume_tags.%": "0",
                            "vpc_security_group_ids.#": "1",
                            "vpc_security_group_ids.2621625770": "sg-0c259b8123ae9b9d0"
                        },
                        "meta": {
                            "e2bfb730-ecaa-11e6-8f88-34363bc7c4c0": {
                                "create": 600000000000,
                                "delete": 1200000000000,
                                "update": 600000000000
                            },
                            "schema_version": "1"
                        },
                        "tainted": false
                    },
                    "deposed": [],
                    "provider": "provider.aws"
                }
            },
            "depends_on": []
        },
        {
            "path": [
                "root",
                "security_group"
            ],
            "outputs": {
                "this_security_group_description": {
                    "sensitive": false,
                    "type": "string",
                    "value": "Security group for web-server with HTTP ports open"
                },
                "this_security_group_id": {
                    "sensitive": false,
                    "type": "string",
                    "value": "sg-0c259b8123ae9b9d0"
                },
                "this_security_group_name": {
                    "sensitive": false,
                    "type": "string",
                    "value": "web-server"
                },
                "this_security_group_owner_id": {
                    "sensitive": false,
                    "type": "string",
                    "value": "388583522121"
                },
                "this_security_group_vpc_id": {
                    "sensitive": false,
                    "type": "string",
                    "value": "vpc-02159fa265b9b3fd4"
                }
            },
            "resources": {
                "aws_security_group.this": {
                    "type": "aws_security_group",
                    "depends_on": [],
                    "primary": {
                        "id": "sg-0c259b8123ae9b9d0",
                        "attributes": {
                            "arn": "arn:aws:ec2:us-east-1:388583522121:security-group/sg-0c259b8123ae9b9d0",
                            "description": "Security group for web-server with HTTP ports open",
                            "egress.#": "1",
                            "egress.2165290566.cidr_blocks.#": "1",
                            "egress.2165290566.cidr_blocks.0": "0.0.0.0/0",
                            "egress.2165290566.description": "All protocols",
                            "egress.2165290566.from_port": "0",
                            "egress.2165290566.ipv6_cidr_blocks.#": "1",
                            "egress.2165290566.ipv6_cidr_blocks.0": "::/0",
                            "egress.2165290566.prefix_list_ids.#": "0",
                            "egress.2165290566.protocol": "-1",
                            "egress.2165290566.security_groups.#": "0",
                            "egress.2165290566.self": "false",
                            "egress.2165290566.to_port": "0",
                            "id": "sg-0c259b8123ae9b9d0",
                            "ingress.#": "2",
                            "ingress.1116238549.cidr_blocks.#": "1",
                            "ingress.1116238549.cidr_blocks.0": "0.0.0.0/0",
                            "ingress.1116238549.description": "SSH",
                            "ingress.1116238549.from_port": "22",
                            "ingress.1116238549.ipv6_cidr_blocks.#": "0",
                            "ingress.1116238549.protocol": "tcp",
                            "ingress.1116238549.security_groups.#": "0",
                            "ingress.1116238549.self": "false",
                            "ingress.1116238549.to_port": "22",
                            "ingress.2776738622.cidr_blocks.#": "1",
                            "ingress.2776738622.cidr_blocks.0": "0.0.0.0/0",
                            "ingress.2776738622.description": "HTTP",
                            "ingress.2776738622.from_port": "80",
                            "ingress.2776738622.ipv6_cidr_blocks.#": "0",
                            "ingress.2776738622.protocol": "tcp",
                            "ingress.2776738622.security_groups.#": "0",
                            "ingress.2776738622.self": "false",
                            "ingress.2776738622.to_port": "80",
                            "name": "web-server",
                            "owner_id": "388583522121",
                            "revoke_rules_on_delete": "false",
                            "tags.%": "1",
                            "tags.Name": "web-server",
                            "vpc_id": "vpc-02159fa265b9b3fd4"
                        },
                        "meta": {
                            "e2bfb730-ecaa-11e6-8f88-34363bc7c4c0": {
                                "create": 600000000000,
                                "delete": 600000000000
                            },
                            "schema_version": "1"
                        },
                        "tainted": false
                    },
                    "deposed": [],
                    "provider": "provider.aws"
                },
                "aws_security_group_rule.egress_rules": {
                    "type": "aws_security_group_rule",
                    "depends_on": [
                        "aws_security_group.this"
                    ],
                    "primary": {
                        "id": "sgrule-1201630092",
                        "attributes": {
                            "cidr_blocks.#": "1",
                            "cidr_blocks.0": "0.0.0.0/0",
                            "description": "All protocols",
                            "from_port": "-1",
                            "id": "sgrule-1201630092",
                            "ipv6_cidr_blocks.#": "1",
                            "ipv6_cidr_blocks.0": "::/0",
                            "prefix_list_ids.#": "0",
                            "protocol": "-1",
                            "security_group_id": "sg-0c259b8123ae9b9d0",
                            "self": "false",
                            "to_port": "-1",
                            "type": "egress"
                        },
                        "meta": {
                            "schema_version": "2"
                        },
                        "tainted": false
                    },
                    "deposed": [],
                    "provider": "provider.aws"
                },
                "aws_security_group_rule.ingress_rules.0": {
                    "type": "aws_security_group_rule",
                    "depends_on": [
                        "aws_security_group.this"
                    ],
                    "primary": {
                        "id": "sgrule-1923830133",
                        "attributes": {
                            "cidr_blocks.#": "1",
                            "cidr_blocks.0": "0.0.0.0/0",
                            "description": "HTTP",
                            "from_port": "80",
                            "id": "sgrule-1923830133",
                            "ipv6_cidr_blocks.#": "0",
                            "prefix_list_ids.#": "0",
                            "protocol": "tcp",
                            "security_group_id": "sg-0c259b8123ae9b9d0",
                            "self": "false",
                            "to_port": "80",
                            "type": "ingress"
                        },
                        "meta": {
                            "schema_version": "2"
                        },
                        "tainted": false
                    },
                    "deposed": [],
                    "provider": "provider.aws"
                },
                "aws_security_group_rule.ingress_rules.1": {
                    "type": "aws_security_group_rule",
                    "depends_on": [
                        "aws_security_group.this"
                    ],
                    "primary": {
                        "id": "sgrule-3290500288",
                        "attributes": {
                            "cidr_blocks.#": "1",
                            "cidr_blocks.0": "0.0.0.0/0",
                            "description": "SSH",
                            "from_port": "22",
                            "id": "sgrule-3290500288",
                            "ipv6_cidr_blocks.#": "0",
                            "prefix_list_ids.#": "0",
                            "protocol": "tcp",
                            "security_group_id": "sg-0c259b8123ae9b9d0",
                            "self": "false",
                            "to_port": "22",
                            "type": "ingress"
                        },
                        "meta": {
                            "schema_version": "2"
                        },
                        "tainted": false
                    },
                    "deposed": [],
                    "provider": "provider.aws"
                }
            },
            "depends_on": []
        },
        {
            "path": [
                "root",
                "vpc"
            ],
            "outputs": {
                "database_route_table_ids": {
                    "sensitive": false,
                    "type": "list",
                    "value": [
                        "rtb-0db8a30546f5e5546"
                    ]
                },
                "database_subnet_group": {
                    "sensitive": false,
                    "type": "string",
                    "value": ""
                },
                "database_subnets": {
                    "sensitive": false,
                    "type": "list",
                    "value": []
                },
                "database_subnets_cidr_blocks": {
                    "sensitive": false,
                    "type": "list",
                    "value": []
                },
                "default_network_acl_id": {
                    "sensitive": false,
                    "type": "string",
                    "value": "acl-029c9057c176a2402"
                },
                "default_route_table_id": {
                    "sensitive": false,
                    "type": "string",
                    "value": "rtb-052e6b19cfc838a53"
                },
                "default_security_group_id": {
                    "sensitive": false,
                    "type": "string",
                    "value": "sg-03280cbfdf548bea2"
                },
                "default_vpc_cidr_block": {
                    "sensitive": false,
                    "type": "string",
                    "value": ""
                },
                "default_vpc_default_network_acl_id": {
                    "sensitive": false,
                    "type": "string",
                    "value": ""
                },
                "default_vpc_default_route_table_id": {
                    "sensitive": false,
                    "type": "string",
                    "value": ""
                },
                "default_vpc_default_security_group_id": {
                    "sensitive": false,
                    "type": "string",
                    "value": ""
                },
                "default_vpc_enable_dns_hostnames": {
                    "sensitive": false,
                    "type": "string",
                    "value": ""
                },
                "default_vpc_enable_dns_support": {
                    "sensitive": false,
                    "type": "string",
                    "value": ""
                },
                "default_vpc_id": {
                    "sensitive": false,
                    "type": "string",
                    "value": ""
                },
                "default_vpc_instance_tenancy": {
                    "sensitive": false,
                    "type": "string",
                    "value": ""
                },
                "default_vpc_main_route_table_id": {
                    "sensitive": false,
                    "type": "string",
                    "value": ""
                },
                "elasticache_route_table_ids": {
                    "sensitive": false,
                    "type": "list",
                    "value": [
                        "rtb-0db8a30546f5e5546"
                    ]
                },
                "elasticache_subnet_group": {
                    "sensitive": false,
                    "type": "string",
                    "value": ""
                },
                "elasticache_subnet_group_name": {
                    "sensitive": false,
                    "type": "string",
                    "value": ""
                },
                "elasticache_subnets": {
                    "sensitive": false,
                    "type": "list",
                    "value": []
                },
                "elasticache_subnets_cidr_blocks": {
                    "sensitive": false,
                    "type": "list",
                    "value": []
                },
                "igw_id": {
                    "sensitive": false,
                    "type": "string",
                    "value": "igw-00aecd801ba5c98c8"
                },
                "intra_route_table_ids": {
                    "sensitive": false,
                    "type": "list",
                    "value": []
                },
                "intra_subnets": {
                    "sensitive": false,
                    "type": "list",
                    "value": []
                },
                "intra_subnets_cidr_blocks": {
                    "sensitive": false,
                    "type": "list",
                    "value": []
                },
                "nat_ids": {
                    "sensitive": false,
                    "type": "list",
                    "value": [
                        "eipalloc-0be60784226dbe3c0"
                    ]
                },
                "nat_public_ips": {
                    "sensitive": false,
                    "type": "list",
                    "value": [
                        "34.199.164.44"
                    ]
                },
                "natgw_ids": {
                    "sensitive": false,
                    "type": "list",
                    "value": [
                        "nat-047a3f9a035f4b6b3"
                    ]
                },
                "private_route_table_ids": {
                    "sensitive": false,
                    "type": "list",
                    "value": [
                        "rtb-0db8a30546f5e5546"
                    ]
                },
                "private_subnets": {
                    "sensitive": false,
                    "type": "list",
                    "value": [
                        "subnet-0b598eb93d836cf70"
                    ]
                },
                "private_subnets_cidr_blocks": {
                    "sensitive": false,
                    "type": "list",
                    "value": [
                        "10.0.2.0/24"
                    ]
                },
                "public_route_table_ids": {
                    "sensitive": false,
                    "type": "list",
                    "value": [
                        "rtb-0ddddad06cdc16110"
                    ]
                },
                "public_subnets": {
                    "sensitive": false,
                    "type": "list",
                    "value": [
                        "subnet-0726110be41ce2cfd"
                    ]
                },
                "public_subnets_cidr_blocks": {
                    "sensitive": false,
                    "type": "list",
                    "value": [
                        "10.0.1.0/24"
                    ]
                },
                "redshift_route_table_ids": {
                    "sensitive": false,
                    "type": "list",
                    "value": [
                        "rtb-0db8a30546f5e5546"
                    ]
                },
                "redshift_subnet_group": {
                    "sensitive": false,
                    "type": "string",
                    "value": ""
                },
                "redshift_subnets": {
                    "sensitive": false,
                    "type": "list",
                    "value": []
                },
                "redshift_subnets_cidr_blocks": {
                    "sensitive": false,
                    "type": "list",
                    "value": []
                },
                "vgw_id": {
                    "sensitive": false,
                    "type": "string",
                    "value": ""
                },
                "vpc_cidr_block": {
                    "sensitive": false,
                    "type": "string",
                    "value": "10.0.0.0/16"
                },
                "vpc_enable_dns_hostnames": {
                    "sensitive": false,
                    "type": "string",
                    "value": "false"
                },
                "vpc_enable_dns_support": {
                    "sensitive": false,
                    "type": "string",
                    "value": "true"
                },
                "vpc_endpoint_dynamodb_id": {
                    "sensitive": false,
                    "type": "string",
                    "value": ""
                },
                "vpc_endpoint_dynamodb_pl_id": {
                    "sensitive": false,
                    "type": "string",
                    "value": ""
                },
                "vpc_endpoint_s3_id": {
                    "sensitive": false,
                    "type": "string",
                    "value": ""
                },
                "vpc_endpoint_s3_pl_id": {
                    "sensitive": false,
                    "type": "string",
                    "value": ""
                },
                "vpc_id": {
                    "sensitive": false,
                    "type": "string",
                    "value": "vpc-02159fa265b9b3fd4"
                },
                "vpc_instance_tenancy": {
                    "sensitive": false,
                    "type": "string",
                    "value": "default"
                },
                "vpc_main_route_table_id": {
                    "sensitive": false,
                    "type": "string",
                    "value": "rtb-052e6b19cfc838a53"
                }
            },
            "resources": {
                "aws_eip.nat": {
                    "type": "aws_eip",
                    "depends_on": [
                        "local.nat_gateway_count"
                    ],
                    "primary": {
                        "id": "eipalloc-0be60784226dbe3c0",
                        "attributes": {
                            "association_id": "eipassoc-4c7d6d96",
                            "domain": "vpc",
                            "id": "eipalloc-0be60784226dbe3c0",
                            "instance": "",
                            "network_interface": "eni-00a2a5307d819a3be",
                            "private_ip": "10.0.1.109",
                            "public_ip": "34.199.164.44",
                            "tags.%": "3",
                            "tags.Environment": "dev",
                            "tags.Name": "wiboo-dev-us-east-1a",
                            "tags.Owner": "wiboo",
                            "vpc": "true"
                        },
                        "meta": {
                            "e2bfb730-ecaa-11e6-8f88-34363bc7c4c0": {
                                "delete": 180000000000,
                                "read": 900000000000,
                                "update": 300000000000
                            }
                        },
                        "tainted": false
                    },
                    "deposed": [],
                    "provider": "provider.aws"
                },
                "aws_internet_gateway.this": {
                    "type": "aws_internet_gateway",
                    "depends_on": [
                        "aws_vpc.this"
                    ],
                    "primary": {
                        "id": "igw-00aecd801ba5c98c8",
                        "attributes": {
                            "id": "igw-00aecd801ba5c98c8",
                            "tags.%": "3",
                            "tags.Environment": "dev",
                            "tags.Name": "wiboo-dev",
                            "tags.Owner": "wiboo",
                            "vpc_id": "vpc-02159fa265b9b3fd4"
                        },
                        "meta": {},
                        "tainted": false
                    },
                    "deposed": [],
                    "provider": "provider.aws"
                },
                "aws_nat_gateway.this": {
                    "type": "aws_nat_gateway",
                    "depends_on": [
                        "aws_internet_gateway.this",
                        "aws_subnet.public.*",
                        "local.nat_gateway_count",
                        "local.nat_gateway_ips"
                    ],
                    "primary": {
                        "id": "nat-047a3f9a035f4b6b3",
                        "attributes": {
                            "allocation_id": "eipalloc-0be60784226dbe3c0",
                            "id": "nat-047a3f9a035f4b6b3",
                            "network_interface_id": "eni-00a2a5307d819a3be",
                            "private_ip": "10.0.1.109",
                            "public_ip": "34.199.164.44",
                            "subnet_id": "subnet-0726110be41ce2cfd",
                            "tags.%": "3",
                            "tags.Environment": "dev",
                            "tags.Name": "wiboo-dev-us-east-1a",
                            "tags.Owner": "wiboo"
                        },
                        "meta": {},
                        "tainted": false
                    },
                    "deposed": [],
                    "provider": "provider.aws"
                },
                "aws_route.private_nat_gateway": {
                    "type": "aws_route",
                    "depends_on": [
                        "aws_nat_gateway.this.*",
                        "aws_route_table.private.*",
                        "local.nat_gateway_count"
                    ],
                    "primary": {
                        "id": "r-rtb-0db8a30546f5e55461080289494",
                        "attributes": {
                            "destination_cidr_block": "0.0.0.0/0",
                            "destination_prefix_list_id": "",
                            "egress_only_gateway_id": "",
                            "gateway_id": "",
                            "id": "r-rtb-0db8a30546f5e55461080289494",
                            "instance_id": "",
                            "instance_owner_id": "",
                            "nat_gateway_id": "nat-047a3f9a035f4b6b3",
                            "network_interface_id": "",
                            "origin": "CreateRoute",
                            "route_table_id": "rtb-0db8a30546f5e5546",
                            "state": "active",
                            "vpc_peering_connection_id": ""
                        },
                        "meta": {
                            "e2bfb730-ecaa-11e6-8f88-34363bc7c4c0": {
                                "create": 300000000000,
                                "delete": 300000000000
                            }
                        },
                        "tainted": false
                    },
                    "deposed": [],
                    "provider": "provider.aws"
                },
                "aws_route.public_internet_gateway": {
                    "type": "aws_route",
                    "depends_on": [
                        "aws_internet_gateway.this",
                        "aws_route_table.public"
                    ],
                    "primary": {
                        "id": "r-rtb-0ddddad06cdc161101080289494",
                        "attributes": {
                            "destination_cidr_block": "0.0.0.0/0",
                            "destination_prefix_list_id": "",
                            "egress_only_gateway_id": "",
                            "gateway_id": "igw-00aecd801ba5c98c8",
                            "id": "r-rtb-0ddddad06cdc161101080289494",
                            "instance_id": "",
                            "instance_owner_id": "",
                            "nat_gateway_id": "",
                            "network_interface_id": "",
                            "origin": "CreateRoute",
                            "route_table_id": "rtb-0ddddad06cdc16110",
                            "state": "active",
                            "vpc_peering_connection_id": ""
                        },
                        "meta": {
                            "e2bfb730-ecaa-11e6-8f88-34363bc7c4c0": {
                                "create": 300000000000,
                                "delete": 300000000000
                            }
                        },
                        "tainted": false
                    },
                    "deposed": [],
                    "provider": "provider.aws"
                },
                "aws_route_table.private": {
                    "type": "aws_route_table",
                    "depends_on": [
                        "aws_vpc.this",
                        "local.max_subnet_length",
                        "local.nat_gateway_count"
                    ],
                    "primary": {
                        "id": "rtb-0db8a30546f5e5546",
                        "attributes": {
                            "id": "rtb-0db8a30546f5e5546",
                            "propagating_vgws.#": "0",
                            "route.#": "1",
                            "route.2472517578.cidr_block": "0.0.0.0/0",
                            "route.2472517578.egress_only_gateway_id": "",
                            "route.2472517578.gateway_id": "",
                            "route.2472517578.instance_id": "",
                            "route.2472517578.ipv6_cidr_block": "",
                            "route.2472517578.nat_gateway_id": "nat-047a3f9a035f4b6b3",
                            "route.2472517578.network_interface_id": "",
                            "route.2472517578.vpc_peering_connection_id": "",
                            "tags.%": "3",
                            "tags.Environment": "dev",
                            "tags.Name": "wiboo-dev-private",
                            "tags.Owner": "wiboo",
                            "vpc_id": "vpc-02159fa265b9b3fd4"
                        },
                        "meta": {},
                        "tainted": false
                    },
                    "deposed": [],
                    "provider": "provider.aws"
                },
                "aws_route_table.public": {
                    "type": "aws_route_table",
                    "depends_on": [
                        "aws_vpc.this"
                    ],
                    "primary": {
                        "id": "rtb-0ddddad06cdc16110",
                        "attributes": {
                            "id": "rtb-0ddddad06cdc16110",
                            "propagating_vgws.#": "0",
                            "route.#": "1",
                            "route.1609681636.cidr_block": "0.0.0.0/0",
                            "route.1609681636.egress_only_gateway_id": "",
                            "route.1609681636.gateway_id": "igw-00aecd801ba5c98c8",
                            "route.1609681636.instance_id": "",
                            "route.1609681636.ipv6_cidr_block": "",
                            "route.1609681636.nat_gateway_id": "",
                            "route.1609681636.network_interface_id": "",
                            "route.1609681636.vpc_peering_connection_id": "",
                            "tags.%": "3",
                            "tags.Environment": "dev",
                            "tags.Name": "wiboo-dev-public",
                            "tags.Owner": "wiboo",
                            "vpc_id": "vpc-02159fa265b9b3fd4"
                        },
                        "meta": {},
                        "tainted": false
                    },
                    "deposed": [],
                    "provider": "provider.aws"
                },
                "aws_route_table_association.private": {
                    "type": "aws_route_table_association",
                    "depends_on": [
                        "aws_route_table.private.*",
                        "aws_subnet.private.*"
                    ],
                    "primary": {
                        "id": "rtbassoc-0d5c41a0d1a8c8db1",
                        "attributes": {
                            "id": "rtbassoc-0d5c41a0d1a8c8db1",
                            "route_table_id": "rtb-0db8a30546f5e5546",
                            "subnet_id": "subnet-0b598eb93d836cf70"
                        },
                        "meta": {},
                        "tainted": false
                    },
                    "deposed": [],
                    "provider": "provider.aws"
                },
                "aws_route_table_association.public": {
                    "type": "aws_route_table_association",
                    "depends_on": [
                        "aws_route_table.public",
                        "aws_subnet.public.*"
                    ],
                    "primary": {
                        "id": "rtbassoc-0acaabefd0549b3a8",
                        "attributes": {
                            "id": "rtbassoc-0acaabefd0549b3a8",
                            "route_table_id": "rtb-0ddddad06cdc16110",
                            "subnet_id": "subnet-0726110be41ce2cfd"
                        },
                        "meta": {},
                        "tainted": false
                    },
                    "deposed": [],
                    "provider": "provider.aws"
                },
                "aws_subnet.private": {
                    "type": "aws_subnet",
                    "depends_on": [
                        "aws_vpc.this"
                    ],
                    "primary": {
                        "id": "subnet-0b598eb93d836cf70",
                        "attributes": {
                            "arn": "arn:aws:ec2:us-east-1:388583522121:subnet/subnet-0b598eb93d836cf70",
                            "assign_ipv6_address_on_creation": "false",
                            "availability_zone": "us-east-1a",
                            "cidr_block": "10.0.2.0/24",
                            "id": "subnet-0b598eb93d836cf70",
                            "map_public_ip_on_launch": "false",
                            "tags.%": "3",
                            "tags.Environment": "dev",
                            "tags.Name": "wiboo-dev-private-us-east-1a",
                            "tags.Owner": "wiboo",
                            "vpc_id": "vpc-02159fa265b9b3fd4"
                        },
                        "meta": {
                            "schema_version": "1"
                        },
                        "tainted": false
                    },
                    "deposed": [],
                    "provider": "provider.aws"
                },
                "aws_subnet.public": {
                    "type": "aws_subnet",
                    "depends_on": [
                        "aws_vpc.this"
                    ],
                    "primary": {
                        "id": "subnet-0726110be41ce2cfd",
                        "attributes": {
                            "arn": "arn:aws:ec2:us-east-1:388583522121:subnet/subnet-0726110be41ce2cfd",
                            "assign_ipv6_address_on_creation": "false",
                            "availability_zone": "us-east-1a",
                            "cidr_block": "10.0.1.0/24",
                            "id": "subnet-0726110be41ce2cfd",
                            "map_public_ip_on_launch": "true",
                            "tags.%": "3",
                            "tags.Environment": "dev",
                            "tags.Name": "wiboo-dev-public-us-east-1a",
                            "tags.Owner": "wiboo",
                            "vpc_id": "vpc-02159fa265b9b3fd4"
                        },
                        "meta": {
                            "schema_version": "1"
                        },
                        "tainted": false
                    },
                    "deposed": [],
                    "provider": "provider.aws"
                },
                "aws_vpc.this": {
                    "type": "aws_vpc",
                    "depends_on": [],
                    "primary": {
                        "id": "vpc-02159fa265b9b3fd4",
                        "attributes": {
                            "arn": "arn:aws:ec2:us-east-1:388583522121:vpc/vpc-02159fa265b9b3fd4",
                            "assign_generated_ipv6_cidr_block": "false",
                            "cidr_block": "10.0.0.0/16",
                            "default_network_acl_id": "acl-029c9057c176a2402",
                            "default_route_table_id": "rtb-052e6b19cfc838a53",
                            "default_security_group_id": "sg-03280cbfdf548bea2",
                            "dhcp_options_id": "dopt-00f79a64",
                            "enable_classiclink": "false",
                            "enable_classiclink_dns_support": "false",
                            "enable_dns_hostnames": "false",
                            "enable_dns_support": "true",
                            "id": "vpc-02159fa265b9b3fd4",
                            "instance_tenancy": "default",
                            "main_route_table_id": "rtb-052e6b19cfc838a53",
                            "tags.%": "3",
                            "tags.Environment": "dev",
                            "tags.Name": "wiboo-dev",
                            "tags.Owner": "wiboo"
                        },
                        "meta": {
                            "schema_version": "1"
                        },
                        "tainted": false
                    },
                    "deposed": [],
                    "provider": "provider.aws"
                }
            },
            "depends_on": []
        }
    ]
}
